// !$*UTF8*$!
{
	archiveVersion = 1;
	classes = {
	};
	objectVersion = 56;
	objects = {

/* Begin PBXBuildFile section */
		CEA56C212C48FB440051B295 /* AppDelegate.swift in Sources */ = {isa = PBXBuildFile; fileRef = CEA56C202C48FB440051B295 /* AppDelegate.swift */; };
		CEA56C232C48FB440051B295 /* SceneDelegate.swift in Sources */ = {isa = PBXBuildFile; fileRef = CEA56C222C48FB440051B295 /* SceneDelegate.swift */; };
		CEA56C252C48FB440051B295 /* ViewController.swift in Sources */ = {isa = PBXBuildFile; fileRef = CEA56C242C48FB440051B295 /* ViewController.swift */; };
		CEA56C282C48FB440051B295 /* Base in Resources */ = {isa = PBXBuildFile; fileRef = CEA56C272C48FB440051B295 /* Base */; };
		CEA56C2A2C48FB480051B295 /* Assets.xcassets in Resources */ = {isa = PBXBuildFile; fileRef = CEA56C292C48FB480051B295 /* Assets.xcassets */; };
		CEA56C2D2C48FB480051B295 /* Base in Resources */ = {isa = PBXBuildFile; fileRef = CEA56C2C2C48FB480051B295 /* Base */; };
		CEA56C382C48FB480051B295 /* Demo2Tests.swift in Sources */ = {isa = PBXBuildFile; fileRef = CEA56C372C48FB480051B295 /* Demo2Tests.swift */; };
		CEA56C422C48FB480051B295 /* Demo2UITests.swift in Sources */ = {isa = PBXBuildFile; fileRef = CEA56C412C48FB480051B295 /* Demo2UITests.swift */; };
		CEA56C442C48FB480051B295 /* Demo2UITestsLaunchTests.swift in Sources */ = {isa = PBXBuildFile; fileRef = CEA56C432C48FB480051B295 /* Demo2UITestsLaunchTests.swift */; };
/* End PBXBuildFile section */

/* Begin PBXContainerItemProxy section */
		CEA56C342C48FB480051B295 /* PBXContainerItemProxy */ = {
			isa = PBXContainerItemProxy;
			containerPortal = CEA56C152C48FB440051B295 /* Project object */;
			proxyType = 1;
			remoteGlobalIDString = CEA56C1C2C48FB440051B295;
			remoteInfo = Demo2;
		};
		CEA56C3E2C48FB480051B295 /* PBXContainerItemProxy */ = {
			isa = PBXContainerItemProxy;
			containerPortal = CEA56C152C48FB440051B295 /* Project object */;
			proxyType = 1;
			remoteGlobalIDString = CEA56C1C2C48FB440051B295;
			remoteInfo = Demo2;
		};
/* End PBXContainerItemProxy section */

/* Begin PBXFileReference section */
		CEA56C1D2C48FB440051B295 /* Demo2.app */ = {isa = PBXFileReference; explicitFileType = wrapper.application; includeInIndex = 0; path = Demo2.app; sourceTree = BUILT_PRODUCTS_DIR; };
		CEA56C202C48FB440051B295 /* AppDelegate.swift */ = {isa = PBXFileReference; lastKnownFileType = sourcecode.swift; path = AppDelegate.swift; sourceTree = "<group>"; };
		CEA56C222C48FB440051B295 /* SceneDelegate.swift */ = {isa = PBXFileReference; lastKnownFileType = sourcecode.swift; path = SceneDelegate.swift; sourceTree = "<group>"; };
		CEA56C242C48FB440051B295 /* ViewController.swift */ = {isa = PBXFileReference; lastKnownFileType = sourcecode.swift; path = ViewController.swift; sourceTree = "<group>"; };
		CEA56C272C48FB440051B295 /* Base */ = {isa = PBXFileReference; lastKnownFileType = file.storyboard; name = Base; path = Base.lproj/Main.storyboard; sourceTree = "<group>"; };
		CEA56C292C48FB480051B295 /* Assets.xcassets */ = {isa = PBXFileReference; lastKnownFileType = folder.assetcatalog; path = Assets.xcassets; sourceTree = "<group>"; };
		CEA56C2C2C48FB480051B295 /* Base */ = {isa = PBXFileReference; lastKnownFileType = file.storyboard; name = Base; path = Base.lproj/LaunchScreen.storyboard; sourceTree = "<group>"; };
		CEA56C2E2C48FB480051B295 /* Info.plist */ = {isa = PBXFileReference; lastKnownFileType = text.plist.xml; path = Info.plist; sourceTree = "<group>"; };
		CEA56C332C48FB480051B295 /* Demo2Tests.xctest */ = {isa = PBXFileReference; explicitFileType = wrapper.cfbundle; includeInIndex = 0; path = Demo2Tests.xctest; sourceTree = BUILT_PRODUCTS_DIR; };
		CEA56C372C48FB480051B295 /* Demo2Tests.swift */ = {isa = PBXFileReference; lastKnownFileType = sourcecode.swift; path = Demo2Tests.swift; sourceTree = "<group>"; };
		CEA56C3D2C48FB480051B295 /* Demo2UITests.xctest */ = {isa = PBXFileReference; explicitFileType = wrapper.cfbundle; includeInIndex = 0; path = Demo2UITests.xctest; sourceTree = BUILT_PRODUCTS_DIR; };
		CEA56C412C48FB480051B295 /* Demo2UITests.swift */ = {isa = PBXFileReference; lastKnownFileType = sourcecode.swift; path = Demo2UITests.swift; sourceTree = "<group>"; };
		CEA56C432C48FB480051B295 /* Demo2UITestsLaunchTests.swift */ = {isa = PBXFileReference; lastKnownFileType = sourcecode.swift; path = Demo2UITestsLaunchTests.swift; sourceTree = "<group>"; };
/* End PBXFileReference section */

/* Begin PBXFrameworksBuildPhase section */
		CEA56C1A2C48FB440051B295 /* Frameworks */ = {
			isa = PBXFrameworksBuildPhase;
			buildActionMask = 2147483647;
			files = (
			);
			runOnlyForDeploymentPostprocessing = 0;
		};
		CEA56C302C48FB480051B295 /* Frameworks */ = {
			isa = PBXFrameworksBuildPhase;
			buildActionMask = 2147483647;
			files = (
			);
			runOnlyForDeploymentPostprocessing = 0;
		};
		CEA56C3A2C48FB480051B295 /* Frameworks */ = {
			isa = PBXFrameworksBuildPhase;
			buildActionMask = 2147483647;
			files = (
			);
			runOnlyForDeploymentPostprocessing = 0;
		};
/* End PBXFrameworksBuildPhase section */

/* Begin PBXGroup section */
		CEA56C142C48FB440051B295 = {
			isa = PBXGroup;
			children = (
				CEA56C1F2C48FB440051B295 /* Demo2 */,
				CEA56C362C48FB480051B295 /* Demo2Tests */,
				CEA56C402C48FB480051B295 /* Demo2UITests */,
				CEA56C1E2C48FB440051B295 /* Products */,
			);
			sourceTree = "<group>";
		};
		CEA56C1E2C48FB440051B295 /* Products */ = {
			isa = PBXGroup;
			children = (
				CEA56C1D2C48FB440051B295 /* Demo2.app */,
				CEA56C332C48FB480051B295 /* Demo2Tests.xctest */,
				CEA56C3D2C48FB480051B295 /* Demo2UITests.xctest */,
			);
			name = Products;
			sourceTree = "<group>";
		};
		CEA56C1F2C48FB440051B295 /* Demo2 */ = {
			isa = PBXGroup;
			children = (
				CEA56C202C48FB440051B295 /* AppDelegate.swift */,
				CEA56C222C48FB440051B295 /* SceneDelegate.swift */,
				CEA56C242C48FB440051B295 /* ViewController.swift */,
				CEA56C262C48FB440051B295 /* Main.storyboard */,
				CEA56C292C48FB480051B295 /* Assets.xcassets */,
				CEA56C2B2C48FB480051B295 /* LaunchScreen.storyboard */,
				CEA56C2E2C48FB480051B295 /* Info.plist */,
			);
			path = Demo2;
			sourceTree = "<group>";
		};
		CEA56C362C48FB480051B295 /* Demo2Tests */ = {
			isa = PBXGroup;
			children = (
				CEA56C372C48FB480051B295 /* Demo2Tests.swift */,
			);
			path = Demo2Tests;
			sourceTree = "<group>";
		};
		CEA56C402C48FB480051B295 /* Demo2UITests */ = {
			isa = PBXGroup;
			children = (
				CEA56C412C48FB480051B295 /* Demo2UITests.swift */,
				CEA56C432C48FB480051B295 /* Demo2UITestsLaunchTests.swift */,
			);
			path = Demo2UITests;
			sourceTree = "<group>";
		};
/* End PBXGroup section */

/* Begin PBXNativeTarget section */
		CEA56C1C2C48FB440051B295 /* Demo2 */ = {
			isa = PBXNativeTarget;
			buildConfigurationList = CEA56C472C48FB480051B295 /* Build configuration list for PBXNativeTarget "Demo2" */;
			buildPhases = (
				CEA56C192C48FB440051B295 /* Sources */,
				CEA56C1A2C48FB440051B295 /* Frameworks */,
				CEA56C1B2C48FB440051B295 /* Resources */,
			);
			buildRules = (
			);
			dependencies = (
			);
			name = Demo2;
			productName = Demo2;
			productReference = CEA56C1D2C48FB440051B295 /* Demo2.app */;
			productType = "com.apple.product-type.application";
		};
		CEA56C322C48FB480051B295 /* Demo2Tests */ = {
			isa = PBXNativeTarget;
			buildConfigurationList = CEA56C4A2C48FB480051B295 /* Build configuration list for PBXNativeTarget "Demo2Tests" */;
			buildPhases = (
				CEA56C2F2C48FB480051B295 /* Sources */,
				CEA56C302C48FB480051B295 /* Frameworks */,
				CEA56C312C48FB480051B295 /* Resources */,
			);
			buildRules = (
			);
			dependencies = (
				CEA56C352C48FB480051B295 /* PBXTargetDependency */,
			);
			name = Demo2Tests;
			productName = Demo2Tests;
			productReference = CEA56C332C48FB480051B295 /* Demo2Tests.xctest */;
			productType = "com.apple.product-type.bundle.unit-test";
		};
		CEA56C3C2C48FB480051B295 /* Demo2UITests */ = {
			isa = PBXNativeTarget;
			buildConfigurationList = CEA56C4D2C48FB480051B295 /* Build configuration list for PBXNativeTarget "Demo2UITests" */;
			buildPhases = (
				CEA56C392C48FB480051B295 /* Sources */,
				CEA56C3A2C48FB480051B295 /* Frameworks */,
				CEA56C3B2C48FB480051B295 /* Resources */,
			);
			buildRules = (
			);
			dependencies = (
				CEA56C3F2C48FB480051B295 /* PBXTargetDependency */,
			);
			name = Demo2UITests;
			productName = Demo2UITests;
			productReference = CEA56C3D2C48FB480051B295 /* Demo2UITests.xctest */;
			productType = "com.apple.product-type.bundle.ui-testing";
		};
/* End PBXNativeTarget section */

/* Begin PBXProject section */
		CEA56C152C48FB440051B295 /* Project object */ = {
			isa = PBXProject;
			attributes = {
				BuildIndependentTargetsInParallel = 1;
				LastSwiftUpdateCheck = 1540;
				LastUpgradeCheck = 1540;
				TargetAttributes = {
					CEA56C1C2C48FB440051B295 = {
						CreatedOnToolsVersion = 15.4;
					};
					CEA56C322C48FB480051B295 = {
						CreatedOnToolsVersion = 15.4;
						TestTargetID = CEA56C1C2C48FB440051B295;
					};
					CEA56C3C2C48FB480051B295 = {
						CreatedOnToolsVersion = 15.4;
						TestTargetID = CEA56C1C2C48FB440051B295;
					};
				};
			};
			buildConfigurationList = CEA56C182C48FB440051B295 /* Build configuration list for PBXProject "Demo2" */;
			compatibilityVersion = "Xcode 14.0";
			developmentRegion = en;
			hasScannedForEncodings = 0;
			knownRegions = (
				en,
				Base,
			);
			mainGroup = CEA56C142C48FB440051B295;
			productRefGroup = CEA56C1E2C48FB440051B295 /* Products */;
			projectDirPath = "";
			projectRoot = "";
			targets = (
				CEA56C1C2C48FB440051B295 /* Demo2 */,
				CEA56C322C48FB480051B295 /* Demo2Tests */,
				CEA56C3C2C48FB480051B295 /* Demo2UITests */,
			);
		};
/* End PBXProject section */

/* Begin PBXResourcesBuildPhase section */
		CEA56C1B2C48FB440051B295 /* Resources */ = {
			isa = PBXResourcesBuildPhase;
			buildActionMask = 2147483647;
			files = (
				CEA56C2A2C48FB480051B295 /* Assets.xcassets in Resources */,
				CEA56C2D2C48FB480051B295 /* Base in Resources */,
				CEA56C282C48FB440051B295 /* Base in Resources */,
			);
			runOnlyForDeploymentPostprocessing = 0;
		};
		CEA56C312C48FB480051B295 /* Resources */ = {
			isa = PBXResourcesBuildPhase;
			buildActionMask = 2147483647;
			files = (
			);
			runOnlyForDeploymentPostprocessing = 0;
		};
		CEA56C3B2C48FB480051B295 /* Resources */ = {
			isa = PBXResourcesBuildPhase;
			buildActionMask = 2147483647;
			files = (
			);
			runOnlyForDeploymentPostprocessing = 0;
		};
/* End PBXResourcesBuildPhase section */

/* Begin PBXSourcesBuildPhase section */
		CEA56C192C48FB440051B295 /* Sources */ = {
			isa = PBXSourcesBuildPhase;
			buildActionMask = 2147483647;
			files = (
				CEA56C252C48FB440051B295 /* ViewController.swift in Sources */,
				CEA56C212C48FB440051B295 /* AppDelegate.swift in Sources */,
				CEA56C232C48FB440051B295 /* SceneDelegate.swift in Sources */,
			);
			runOnlyForDeploymentPostprocessing = 0;
		};
		CEA56C2F2C48FB480051B295 /* Sources */ = {
			isa = PBXSourcesBuildPhase;
			buildActionMask = 2147483647;
			files = (
				CEA56C382C48FB480051B295 /* Demo2Tests.swift in Sources */,
			);
			runOnlyForDeploymentPostprocessing = 0;
		};
		CEA56C392C48FB480051B295 /* Sources */ = {
			isa = PBXSourcesBuildPhase;
			buildActionMask = 2147483647;
			files = (
				CEA56C442C48FB480051B295 /* Demo2UITestsLaunchTests.swift in Sources */,
				CEA56C422C48FB480051B295 /* Demo2UITests.swift in Sources */,
			);
			runOnlyForDeploymentPostprocessing = 0;
		};
/* End PBXSourcesBuildPhase section */

/* Begin PBXTargetDependency section */
		CEA56C352C48FB480051B295 /* PBXTargetDependency */ = {
			isa = PBXTargetDependency;
			target = CEA56C1C2C48FB440051B295 /* Demo2 */;
			targetProxy = CEA56C342C48FB480051B295 /* PBXContainerItemProxy */;
		};
		CEA56C3F2C48FB480051B295 /* PBXTargetDependency */ = {
			isa = PBXTargetDependency;
			target = CEA56C1C2C48FB440051B295 /* Demo2 */;
			targetProxy = CEA56C3E2C48FB480051B295 /* PBXContainerItemProxy */;
		};
/* End PBXTargetDependency section */

/* Begin PBXVariantGroup section */
		CEA56C262C48FB440051B295 /* Main.storyboard */ = {
			isa = PBXVariantGroup;
			children = (
				CEA56C272C48FB440051B295 /* Base */,
			);
			name = Main.storyboard;
			sourceTree = "<group>";
		};
		CEA56C2B2C48FB480051B295 /* LaunchScreen.storyboard */ = {
			isa = PBXVariantGroup;
			children = (
				CEA56C2C2C48FB480051B295 /* Base */,
			);
			name = LaunchScreen.storyboard;
			sourceTree = "<group>";
		};
/* End PBXVariantGroup section */

/* Begin XCBuildConfiguration section */
		CEA56C452C48FB480051B295 /* Debug */ = {
			isa = XCBuildConfiguration;
			buildSettings = {
				ALWAYS_SEARCH_USER_PATHS = NO;
				ASSETCATALOG_COMPILER_GENERATE_SWIFT_ASSET_SYMBOL_EXTENSIONS = YES;
				CLANG_ANALYZER_NONNULL = YES;
				CLANG_ANALYZER_NUMBER_OBJECT_CONVERSION = YES_AGGRESSIVE;
				CLANG_CXX_LANGUAGE_STANDARD = "gnu++20";
				CLANG_ENABLE_MODULES = YES;
				CLANG_ENABLE_OBJC_ARC = YES;
				CLANG_ENABLE_OBJC_WEAK = YES;
				CLANG_WARN_BLOCK_CAPTURE_AUTORELEASING = YES;
				CLANG_WARN_BOOL_CONVERSION = YES;
				CLANG_WARN_COMMA = YES;
				CLANG_WARN_CONSTANT_CONVERSION = YES;
				CLANG_WARN_DEPRECATED_OBJC_IMPLEMENTATIONS = YES;
				CLANG_WARN_DIRECT_OBJC_ISA_USAGE = YES_ERROR;
				CLANG_WARN_DOCUMENTATION_COMMENTS = YES;
				CLANG_WARN_EMPTY_BODY = YES;
				CLANG_WARN_ENUM_CONVERSION = YES;
				CLANG_WARN_INFINITE_RECURSION = YES;
				CLANG_WARN_INT_CONVERSION = YES;
				CLANG_WARN_NON_LITERAL_NULL_CONVERSION = YES;
				CLANG_WARN_OBJC_IMPLICIT_RETAIN_SELF = YES;
				CLANG_WARN_OBJC_LITERAL_CONVERSION = YES;
				CLANG_WARN_OBJC_ROOT_CLASS = YES_ERROR;
				CLANG_WARN_QUOTED_INCLUDE_IN_FRAMEWORK_HEADER = YES;
				CLANG_WARN_RANGE_LOOP_ANALYSIS = YES;
				CLANG_WARN_STRICT_PROTOTYPES = YES;
				CLANG_WARN_SUSPICIOUS_MOVE = YES;
				CLANG_WARN_UNGUARDED_AVAILABILITY = YES_AGGRESSIVE;
				CLANG_WARN_UNREACHABLE_CODE = YES;
				CLANG_WARN__DUPLICATE_METHOD_MATCH = YES;
				COPY_PHASE_STRIP = NO;
				DEBUG_INFORMATION_FORMAT = dwarf;
				ENABLE_STRICT_OBJC_MSGSEND = YES;
				ENABLE_TESTABILITY = YES;
				ENABLE_USER_SCRIPT_SANDBOXING = YES;
				GCC_C_LANGUAGE_STANDARD = gnu17;
				GCC_DYNAMIC_NO_PIC = NO;
				GCC_NO_COMMON_BLOCKS = YES;
				GCC_OPTIMIZATION_LEVEL = 0;
				GCC_PREPROCESSOR_DEFINITIONS = (
					"DEBUG=1",
					"$(inherited)",
				);
				GCC_WARN_64_TO_32_BIT_CONVERSION = YES;
				GCC_WARN_ABOUT_RETURN_TYPE = YES_ERROR;
				GCC_WARN_UNDECLARED_SELECTOR = YES;
				GCC_WARN_UNINITIALIZED_AUTOS = YES_AGGRESSIVE;
				GCC_WARN_UNUSED_FUNCTION = YES;
				GCC_WARN_UNUSED_VARIABLE = YES;
				IPHONEOS_DEPLOYMENT_TARGET = 17.5;
				LOCALIZATION_PREFERS_STRING_CATALOGS = YES;
				MTL_ENABLE_DEBUG_INFO = INCLUDE_SOURCE;
				MTL_FAST_MATH = YES;
				ONLY_ACTIVE_ARCH = YES;
				SDKROOT = iphoneos;
				SWIFT_ACTIVE_COMPILATION_CONDITIONS = "DEBUG $(inherited)";
				SWIFT_OPTIMIZATION_LEVEL = "-Onone";
			};
			name = Debug;
		};
		CEA56C462C48FB480051B295 /* Release */ = {
			isa = XCBuildConfiguration;
			buildSettings = {
				ALWAYS_SEARCH_USER_PATHS = NO;
				ASSETCATALOG_COMPILER_GENERATE_SWIFT_ASSET_SYMBOL_EXTENSIONS = YES;
				CLANG_ANALYZER_NONNULL = YES;
				CLANG_ANALYZER_NUMBER_OBJECT_CONVERSION = YES_AGGRESSIVE;
				CLANG_CXX_LANGUAGE_STANDARD = "gnu++20";
				CLANG_ENABLE_MODULES = YES;
				CLANG_ENABLE_OBJC_ARC = YES;
				CLANG_ENABLE_OBJC_WEAK = YES;
				CLANG_WARN_BLOCK_CAPTURE_AUTORELEASING = YES;
				CLANG_WARN_BOOL_CONVERSION = YES;
				CLANG_WARN_COMMA = YES;
				CLANG_WARN_CONSTANT_CONVERSION = YES;
				CLANG_WARN_DEPRECATED_OBJC_IMPLEMENTATIONS = YES;
				CLANG_WARN_DIRECT_OBJC_ISA_USAGE = YES_ERROR;
				CLANG_WARN_DOCUMENTATION_COMMENTS = YES;
				CLANG_WARN_EMPTY_BODY = YES;
				CLANG_WARN_ENUM_CONVERSION = YES;
				CLANG_WARN_INFINITE_RECURSION = YES;
				CLANG_WARN_INT_CONVERSION = YES;
				CLANG_WARN_NON_LITERAL_NULL_CONVERSION = YES;
				CLANG_WARN_OBJC_IMPLICIT_RETAIN_SELF = YES;
				CLANG_WARN_OBJC_LITERAL_CONVERSION = YES;
				CLANG_WARN_OBJC_ROOT_CLASS = YES_ERROR;
				CLANG_WARN_QUOTED_INCLUDE_IN_FRAMEWORK_HEADER = YES;
				CLANG_WARN_RANGE_LOOP_ANALYSIS = YES;
				CLANG_WARN_STRICT_PROTOTYPES = YES;
				CLANG_WARN_SUSPICIOUS_MOVE = YES;
				CLANG_WARN_UNGUARDED_AVAILABILITY = YES_AGGRESSIVE;
				CLANG_WARN_UNREACHABLE_CODE = YES;
				CLANG_WARN__DUPLICATE_METHOD_MATCH = YES;
				COPY_PHASE_STRIP = NO;
				DEBUG_INFORMATION_FORMAT = "dwarf-with-dsym";
				ENABLE_NS_ASSERTIONS = NO;
				ENABLE_STRICT_OBJC_MSGSEND = YES;
				ENABLE_USER_SCRIPT_SANDBOXING = YES;
				GCC_C_LANGUAGE_STANDARD = gnu17;
				GCC_NO_COMMON_BLOCKS = YES;
				GCC_WARN_64_TO_32_BIT_CONVERSION = YES;
				GCC_WARN_ABOUT_RETURN_TYPE = YES_ERROR;
				GCC_WARN_UNDECLARED_SELECTOR = YES;
				GCC_WARN_UNINITIALIZED_AUTOS = YES_AGGRESSIVE;
				GCC_WARN_UNUSED_FUNCTION = YES;
				GCC_WARN_UNUSED_VARIABLE = YES;
				IPHONEOS_DEPLOYMENT_TARGET = 17.5;
				LOCALIZATION_PREFERS_STRING_CATALOGS = YES;
				MTL_ENABLE_DEBUG_INFO = NO;
				MTL_FAST_MATH = YES;
				SDKROOT = iphoneos;
				SWIFT_COMPILATION_MODE = wholemodule;
				VALIDATE_PRODUCT = YES;
			};
			name = Release;
		};
		CEA56C482C48FB480051B295 /* Debug */ = {
			isa = XCBuildConfiguration;
			buildSettings = {
				ASSETCATALOG_COMPILER_APPICON_NAME = AppIcon;
				ASSETCATALOG_COMPILER_GLOBAL_ACCENT_COLOR_NAME = AccentColor;
				CODE_SIGN_STYLE = Automatic;
				CURRENT_PROJECT_VERSION = 1;
				GENERATE_INFOPLIST_FILE = YES;
				INFOPLIST_FILE = Demo2/Info.plist;
				INFOPLIST_KEY_UIApplicationSupportsIndirectInputEvents = YES;
				INFOPLIST_KEY_UILaunchStoryboardName = LaunchScreen;
				INFOPLIST_KEY_UIMainStoryboardFile = Main;
				INFOPLIST_KEY_UISupportedInterfaceOrientations_iPad = "UIInterfaceOrientationPortrait UIInterfaceOrientationPortraitUpsideDown UIInterfaceOrientationLandscapeLeft UIInterfaceOrientationLandscapeRight";
				INFOPLIST_KEY_UISupportedInterfaceOrientations_iPhone = "UIInterfaceOrientationPortrait UIInterfaceOrientationLandscapeLeft UIInterfaceOrientationLandscapeRight";
				LD_RUNPATH_SEARCH_PATHS = (
					"$(inherited)",
					"@executable_path/Frameworks",
				);
				MARKETING_VERSION = 1.0;
				PRODUCT_BUNDLE_IDENTIFIER = com.ruby.Demo2;
				PRODUCT_NAME = "$(TARGET_NAME)";
				SWIFT_EMIT_LOC_STRINGS = YES;
				SWIFT_VERSION = 5.0;
				TARGETED_DEVICE_FAMILY = "1,2";
			};
			name = Debug;
		};
		CEA56C492C48FB480051B295 /* Release */ = {
			isa = XCBuildConfiguration;
			buildSettings = {
				ASSETCATALOG_COMPILER_APPICON_NAME = AppIcon;
				ASSETCATALOG_COMPILER_GLOBAL_ACCENT_COLOR_NAME = AccentColor;
				CODE_SIGN_STYLE = Automatic;
				CURRENT_PROJECT_VERSION = 1;
				GENERATE_INFOPLIST_FILE = YES;
				INFOPLIST_FILE = Demo2/Info.plist;
				INFOPLIST_KEY_UIApplicationSupportsIndirectInputEvents = YES;
				INFOPLIST_KEY_UILaunchStoryboardName = LaunchScreen;
				INFOPLIST_KEY_UIMainStoryboardFile = Main;
				INFOPLIST_KEY_UISupportedInterfaceOrientations_iPad = "UIInterfaceOrientationPortrait UIInterfaceOrientationPortraitUpsideDown UIInterfaceOrientationLandscapeLeft UIInterfaceOrientationLandscapeRight";
				INFOPLIST_KEY_UISupportedInterfaceOrientations_iPhone = "UIInterfaceOrientationPortrait UIInterfaceOrientationLandscapeLeft UIInterfaceOrientationLandscapeRight";
				LD_RUNPATH_SEARCH_PATHS = (
					"$(inherited)",
					"@executable_path/Frameworks",
				);
				MARKETING_VERSION = 1.0;
				PRODUCT_BUNDLE_IDENTIFIER = com.ruby.Demo2;
				PRODUCT_NAME = "$(TARGET_NAME)";
				SWIFT_EMIT_LOC_STRINGS = YES;
				SWIFT_VERSION = 5.0;
				TARGETED_DEVICE_FAMILY = "1,2";
			};
			name = Release;
		};
		CEA56C4B2C48FB480051B295 /* Debug */ = {
			isa = XCBuildConfiguration;
			buildSettings = {
				ALWAYS_EMBED_SWIFT_STANDARD_LIBRARIES = YES;
				BUNDLE_LOADER = "$(TEST_HOST)";
				CODE_SIGN_STYLE = Automatic;
				CURRENT_PROJECT_VERSION = 1;
				GENERATE_INFOPLIST_FILE = YES;
				IPHONEOS_DEPLOYMENT_TARGET = 17.5;
				MARKETING_VERSION = 1.0;
				PRODUCT_BUNDLE_IDENTIFIER = com.ruby.Demo2Tests;
				PRODUCT_NAME = "$(TARGET_NAME)";
				SWIFT_EMIT_LOC_STRINGS = NO;
				SWIFT_VERSION = 5.0;
				TARGETED_DEVICE_FAMILY = "1,2";
				TEST_HOST = "$(BUILT_PRODUCTS_DIR)/Demo2.app/$(BUNDLE_EXECUTABLE_FOLDER_PATH)/Demo2";
			};
			name = Debug;
		};
		CEA56C4C2C48FB480051B295 /* Release */ = {
			isa = XCBuildConfiguration;
			buildSettings = {
				ALWAYS_EMBED_SWIFT_STANDARD_LIBRARIES = YES;
				BUNDLE_LOADER = "$(TEST_HOST)";
				CODE_SIGN_STYLE = Automatic;
				CURRENT_PROJECT_VERSION = 1;
				GENERATE_INFOPLIST_FILE = YES;
				IPHONEOS_DEPLOYMENT_TARGET = 17.5;
				MARKETING_VERSION = 1.0;
				PRODUCT_BUNDLE_IDENTIFIER = com.ruby.Demo2Tests;
				PRODUCT_NAME = "$(TARGET_NAME)";
				SWIFT_EMIT_LOC_STRINGS = NO;
				SWIFT_VERSION = 5.0;
				TARGETED_DEVICE_FAMILY = "1,2";
				TEST_HOST = "$(BUILT_PRODUCTS_DIR)/Demo2.app/$(BUNDLE_EXECUTABLE_FOLDER_PATH)/Demo2";
			};
			name = Release;
		};
		CEA56C4E2C48FB480051B295 /* Debug */ = {
			isa = XCBuildConfiguration;
			buildSettings = {
				ALWAYS_EMBED_SWIFT_STANDARD_LIBRARIES = YES;
				CODE_SIGN_STYLE = Automatic;
				CURRENT_PROJECT_VERSION = 1;
				GENERATE_INFOPLIST_FILE = YES;
				MARKETING_VERSION = 1.0;
				PRODUCT_BUNDLE_IDENTIFIER = com.ruby.Demo2UITests;
				PRODUCT_NAME = "$(TARGET_NAME)";
				SWIFT_EMIT_LOC_STRINGS = NO;
				SWIFT_VERSION = 5.0;
				TARGETED_DEVICE_FAMILY = "1,2";
				TEST_TARGET_NAME = Demo2;
			};
			name = Debug;
		};
		CEA56C4F2C48FB480051B295 /* Release */ = {
			isa = XCBuildConfiguration;
			buildSettings = {
				ALWAYS_EMBED_SWIFT_STANDARD_LIBRARIES = YES;
				CODE_SIGN_STYLE = Automatic;
				CURRENT_PROJECT_VERSION = 1;
				GENERATE_INFOPLIST_FILE = YES;
				MARKETING_VERSION = 1.0;
				PRODUCT_BUNDLE_IDENTIFIER = com.ruby.Demo2UITests;
				PRODUCT_NAME = "$(TARGET_NAME)";
				SWIFT_EMIT_LOC_STRINGS = NO;
				SWIFT_VERSION = 5.0;
				TARGETED_DEVICE_FAMILY = "1,2";
				TEST_TARGET_NAME = Demo2;
			};
			name = Release;
		};
/* End XCBuildConfiguration section */

/* Begin XCConfigurationList section */
		CEA56C182C48FB440051B295 /* Build configuration list for PBXProject "Demo2" */ = {
			isa = XCConfigurationList;
			buildConfigurations = (
				CEA56C452C48FB480051B295 /* Debug */,
				CEA56C462C48FB480051B295 /* Release */,
			);
			defaultConfigurationIsVisible = 0;
			defaultConfigurationName = Release;
		};
		CEA56C472C48FB480051B295 /* Build configuration list for PBXNativeTarget "Demo2" */ = {
			isa = XCConfigurationList;
			buildConfigurations = (
				CEA56C482C48FB480051B295 /* Debug */,
				CEA56C492C48FB480051B295 /* Release */,
			);
			defaultConfigurationIsVisible = 0;
			defaultConfigurationName = Release;
		};
		CEA56C4A2C48FB480051B295 /* Build configuration list for PBXNativeTarget "Demo2Tests" */ = {
			isa = XCConfigurationList;
			buildConfigurations = (
				CEA56C4B2C48FB480051B295 /* Debug */,
				CEA56C4C2C48FB480051B295 /* Release */,
			);
			defaultConfigurationIsVisible = 0;
			defaultConfigurationName = Release;
		};
		CEA56C4D2C48FB480051B295 /* Build configuration list for PBXNativeTarget "Demo2UITests" */ = {
			isa = XCConfigurationList;
			buildConfigurations = (
				CEA56C4E2C48FB480051B295 /* Debug */,
				CEA56C4F2C48FB480051B295 /* Release */,
			);
			defaultConfigurationIsVisible = 0;
			defaultConfigurationName = Release;
		};
/* End XCConfigurationList section */
	};
	rootObject = CEA56C152C48FB440051B295 /* Project object */;
}
